
Microsoft Visual Studio Solution File, Format Version 10.00
# Visual Studio 2008
Project("{8BC9CEB8-8B4A-11D0-8D11-00A0C91BC942}") = "game", "game.vcproj", "{807F4D6A-7EF7-42B8-B615-CDD255100534}"
EndProject
Global
	GlobalSection(SolutionConfigurationPlatforms) = preSolution
		Debug Alpha|Win32 = Debug Alpha|Win32
		Debug|Win32 = Debug|Win32
		Release Alpha|Win32 = Release Alpha|Win32
		Release|Win32 = Release|Win32
	EndGlobalSection
	GlobalSection(ProjectConfigurationPlatforms) = postSolution
		{807F4D6A-7EF7-42B8-B615-CDD255100534}.Debug Alpha|Win32.ActiveCfg = Debug Alpha|Win32
		{807F4D6A-7EF7-42B8-B615-CDD255100534}.Debug Alpha|Win32.Build.0 = Debug Alpha|Win32
		{807F4D6A-7EF7-42B8-B615-CDD255100534}.Debug|Win32.ActiveCfg = Debug|Win32
		{807F4D6A-7EF7-42B8-B615-CDD255100534}.Debug|Win32.Build.0 = Debug|Win32
		{807F4D6A-7EF7-42B8-B615-CDD255100534}.Release Alpha|Win32.ActiveCfg = Release Alpha|Win32
		{807F4D6A-7EF7-42B8-B615-CDD255100534}.Release Alpha|Win32.Build.0 = Release Alpha|Win32
		{807F4D6A-7EF7-42B8-B615-CDD255100534}.Release|Win32.ActiveCfg = Release|Win32
		{807F4D6A-7EF7-42B8-B615-CDD255100534}.Release|Win32.Build.0 = Release|Win32
	EndGlobalSection
	GlobalSection(SolutionProperties) = preSolution
		HideSolutionNode = FALSE
	EndGlobalSection
EndGlobal
