
Microsoft Visual Studio Solution File, Format Version 10.00
# Visual Studio 2008
Project("{8BC9CEB8-8B4A-11D0-8D11-00A0C91BC942}") = "gamex86", "game.vcproj", "{68AF2B9A-62BA-476C-A1CC-975476B1460C}"
EndProject
Global
	GlobalSection(SolutionConfigurationPlatforms) = preSolution
		Debug Alpha|Win32 = Debug Alpha|Win32
		Debug|Win32 = Debug|Win32
		Release Alpha|Win32 = Release Alpha|Win32
		Release|Win32 = Release|Win32
	EndGlobalSection
	GlobalSection(ProjectConfigurationPlatforms) = postSolution
		{68AF2B9A-62BA-476C-A1CC-975476B1460C}.Debug Alpha|Win32.ActiveCfg = Debug Alpha|Win32
		{68AF2B9A-62BA-476C-A1CC-975476B1460C}.Debug Alpha|Win32.Build.0 = Debug Alpha|Win32
		{68AF2B9A-62BA-476C-A1CC-975476B1460C}.Debug|Win32.ActiveCfg = Debug|Win32
		{68AF2B9A-62BA-476C-A1CC-975476B1460C}.Debug|Win32.Build.0 = Debug|Win32
		{68AF2B9A-62BA-476C-A1CC-975476B1460C}.Release Alpha|Win32.ActiveCfg = Release Alpha|Win32
		{68AF2B9A-62BA-476C-A1CC-975476B1460C}.Release Alpha|Win32.Build.0 = Release Alpha|Win32
		{68AF2B9A-62BA-476C-A1CC-975476B1460C}.Release|Win32.ActiveCfg = Release|Win32
		{68AF2B9A-62BA-476C-A1CC-975476B1460C}.Release|Win32.Build.0 = Release|Win32
	EndGlobalSection
	GlobalSection(SolutionProperties) = preSolution
		HideSolutionNode = FALSE
	EndGlobalSection
EndGlobal
